
Microsoft Visual Studio Solution File, Format Version 12.00
# Visual Studio 15
VisualStudioVersion = 15.0.28010.2041
MinimumVisualStudioVersion = 10.0.40219.1
Project("{FAE04EC0-301F-11D3-BF4B-00C04F79EFBC}") = "Demo", "Demo\Demo.csproj", "{57331E4A-2CDC-4ED0-ACF4-6784D3DFC20A}"
EndProject
Global
	GlobalSection(SolutionConfigurationPlatforms) = preSolution
		Debug|Any CPU = Debug|Any CPU
		Release|Any CPU = Release|Any CPU
	EndGlobalSection
	GlobalSection(ProjectConfigurationPlatforms) = postSolution
		{57331E4A-2CDC-4ED0-ACF4-6784D3DFC20A}.Debug|Any CPU.ActiveCfg = Debug|Any CPU
		{57331E4A-2CDC-4ED0-ACF4-6784D3DFC20A}.Debug|Any CPU.Build.0 = Debug|Any CPU
		{57331E4A-2CDC-4ED0-ACF4-6784D3DFC20A}.Release|Any CPU.ActiveCfg = Release|Any CPU
		{57331E4A-2CDC-4ED0-ACF4-6784D3DFC20A}.Release|Any CPU.Build.0 = Release|Any CPU
	EndGlobalSection
	GlobalSection(SolutionProperties) = preSolution
		HideSolutionNode = FALSE
	EndGlobalSection
	GlobalSection(ExtensibilityGlobals) = postSolution
		SolutionGuid = {82AA7D0F-0FC6-4D40-80F4-A0FA2BFB0168}
	EndGlobalSection
EndGlobal
